<Solution>
  <Folder Name="/src/">
    <Project Path="src/Application/IndustrialKgAgent.Application.csproj" />
    <Project Path="src/Domain/IndustrialKgAgent.Domain.csproj" />
    <Project Path="src/Host/IndustrialKgAgent.Host.csproj" />
    <Project Path="src/Infrastructure/IndustrialKgAgent.Infrastructure.csproj" />
  </Folder>
  <Folder Name="/tests/">
    <Project Path="tests/IndustrialKgAgent.Tests/IndustrialKgAgent.Tests.csproj" />
  </Folder>
</Solution>
