<Solution>
  <Folder Name="/src/">
    <Project Path="src/IndustrialKgAgent.Application/IndustrialKgAgent.Application.csproj" />
    <Project Path="src/IndustrialKgAgent.Domain/IndustrialKgAgent.Domain.csproj" />
    <Project Path="src/IndustrialKgAgent.Host/IndustrialKgAgent.Host.csproj" />
    <Project Path="src/IndustrialKgAgent.Infrastructure/IndustrialKgAgent.Infrastructure.csproj" />
  </Folder>
</Solution>
